
Microsoft Visual Studio Solution File, Format Version 12.00
# Visual Studio Version 17
VisualStudioVersion = 17.0.32014.148
MinimumVisualStudioVersion = 10.0.40219.1
Project("{FAE04EC0-301F-11D3-BF4B-00C04F79EFBC}") = "MarCoDataManager", "MarCoDataManager\MarCoDataManager.csproj", "{13DEBC89-ECF5-4BB3-9F62-F75C7D0C2FE9}"
EndProject
Project("{00D1A9C2-B5F0-4AF3-8072-F6C62B433612}") = "MRMData", "MRMData\MRMData.sqlproj", "{BD718B64-3BA9-4A26-967A-CE9644E1BEC2}"
EndProject
Global
	GlobalSection(SolutionConfigurationPlatforms) = preSolution
		Debug|Any CPU = Debug|Any CPU
		Release|Any CPU = Release|Any CPU
	EndGlobalSection
	GlobalSection(ProjectConfigurationPlatforms) = postSolution
		{13DEBC89-ECF5-4BB3-9F62-F75C7D0C2FE9}.Debug|Any CPU.ActiveCfg = Debug|Any CPU
		{13DEBC89-ECF5-4BB3-9F62-F75C7D0C2FE9}.Debug|Any CPU.Build.0 = Debug|Any CPU
		{13DEBC89-ECF5-4BB3-9F62-F75C7D0C2FE9}.Release|Any CPU.ActiveCfg = Release|Any CPU
		{13DEBC89-ECF5-4BB3-9F62-F75C7D0C2FE9}.Release|Any CPU.Build.0 = Release|Any CPU
		{BD718B64-3BA9-4A26-967A-CE9644E1BEC2}.Debug|Any CPU.ActiveCfg = Debug|Any CPU
		{BD718B64-3BA9-4A26-967A-CE9644E1BEC2}.Debug|Any CPU.Build.0 = Debug|Any CPU
		{BD718B64-3BA9-4A26-967A-CE9644E1BEC2}.Debug|Any CPU.Deploy.0 = Debug|Any CPU
		{BD718B64-3BA9-4A26-967A-CE9644E1BEC2}.Release|Any CPU.ActiveCfg = Release|Any CPU
		{BD718B64-3BA9-4A26-967A-CE9644E1BEC2}.Release|Any CPU.Build.0 = Release|Any CPU
		{BD718B64-3BA9-4A26-967A-CE9644E1BEC2}.Release|Any CPU.Deploy.0 = Release|Any CPU
	EndGlobalSection
	GlobalSection(SolutionProperties) = preSolution
		HideSolutionNode = FALSE
	EndGlobalSection
	GlobalSection(ExtensibilityGlobals) = postSolution
		SolutionGuid = {B4B14BF1-70E4-4622-B4B4-4F752BE3AA30}
	EndGlobalSection
EndGlobal
